<?xml version="1.0" encoding="utf-8"?>
<Project ToolsVersion="4.0" xmlns="http://schemas.microsoft.com/developer/msbuild/2003">
  <ItemGroup>
    <Filter Include="소스 파일">
      <UniqueIdentifier>{4FC737F1-C7A5-4376-A066-2A32D752A2FF}</UniqueIdentifier>
      <Extensions>cpp;c;cc;cxx;def;odl;idl;hpj;bat;asm;asmx</Extensions>
    </Filter>
    <Filter Include="헤더 파일">
      <UniqueIdentifier>{93995380-89BD-4b04-88EB-625FBE52EBFB}</UniqueIdentifier>
      <Extensions>h;hh;hpp;hxx;hm;inl;inc;xsd</Extensions>
    </Filter>
    <Filter Include="리소스 파일">
      <UniqueIdentifier>{67DA6AB6-F800-4c08-8B7A-83BB121AAD01}</UniqueIdentifier>
      <Extensions>rc;ico;cur;bmp;dlg;rc2;rct;bin;rgs;gif;jpg;jpeg;jpe;resx;tiff;tif;png;wav;mfcribbon-ms</Extensions>
    </Filter>
    <Filter Include="Game">
      <UniqueIdentifier>{2f1f6766-941a-4886-9d0a-6634920c17e3}</UniqueIdentifier>
    </Filter>
    <Filter Include="Game\Player">
      <UniqueIdentifier>{dd7daef4-e092-438a-9db6-4adad98e7d12}</UniqueIdentifier>
    </Filter>
    <Filter Include="Game\Player\Inventory">
      <UniqueIdentifier>{421df1a0-b707-46fb-8ee9-e2ccf9bb2836}</UniqueIdentifier>
    </Filter>
    <Filter Include="Game\Field">
      <UniqueIdentifier>{3b539171-4e25-4e57-a429-e251157dfcea}</UniqueIdentifier>
    </Filter>
    <Filter Include="Game\Field\Dungeon">
      <UniqueIdentifier>{7a2741f9-001e-43c5-bdd9-b1ef0ac796b4}</UniqueIdentifier>
    </Filter>
    <Filter Include="Game\Field\Dungeon\Monster">
      <UniqueIdentifier>{31f5ece2-48ec-4a32-8b78-fae0338c4494}</UniqueIdentifier>
    </Filter>
    <Filter Include="Game\Field\Shop">
      <UniqueIdentifier>{70d6ac83-4282-41e7-b279-3156915b34a0}</UniqueIdentifier>
    </Filter>
    <Filter Include="Obj">
      <UniqueIdentifier>{1f1fb69d-3e50-437d-825d-637a49db72d3}</UniqueIdentifier>
    </Filter>
  </ItemGroup>
  <ItemGroup>
    <Text Include="ReadMe.txt" />
  </ItemGroup>
  <ItemGroup>
    <ClInclude Include="stdafx.h">
      <Filter>헤더 파일</Filter>
    </ClInclude>
    <ClInclude Include="targetver.h">
      <Filter>헤더 파일</Filter>
    </ClInclude>
    <ClInclude Include="Item.h">
      <Filter>헤더 파일</Filter>
    </ClInclude>
    <ClInclude Include="Game.h">
      <Filter>Game</Filter>
    </ClInclude>
    <ClInclude Include="Obj.h">
      <Filter>Obj</Filter>
    </ClInclude>
    <ClInclude Include="Dungeon.h">
      <Filter>Game\Field\Dungeon</Filter>
    </ClInclude>
    <ClInclude Include="Shop.h">
      <Filter>Game\Field\Shop</Filter>
    </ClInclude>
    <ClInclude Include="Monster.h">
      <Filter>Game\Field\Dungeon\Monster</Filter>
    </ClInclude>
    <ClInclude Include="Player.h">
      <Filter>Game\Player</Filter>
    </ClInclude>
    <ClInclude Include="Field.h">
      <Filter>Game\Field</Filter>
    </ClInclude>
    <ClInclude Include="Inventory.h">
      <Filter>Game\Player\Inventory</Filter>
    </ClInclude>
    <ClInclude Include="Define.h">
      <Filter>헤더 파일</Filter>
    </ClInclude>
  </ItemGroup>
  <ItemGroup>
    <ClCompile Include="stdafx.cpp">
      <Filter>소스 파일</Filter>
    </ClCompile>
    <ClCompile Include="20220406TextRPG.cpp">
      <Filter>소스 파일</Filter>
    </ClCompile>
    <ClCompile Include="Game.cpp">
      <Filter>Game</Filter>
    </ClCompile>
    <ClCompile Include="Obj.cpp">
      <Filter>Obj</Filter>
    </ClCompile>
    <ClCompile Include="Dungeon.cpp">
      <Filter>Game\Field\Dungeon</Filter>
    </ClCompile>
    <ClCompile Include="Shop.cpp">
      <Filter>Game\Field\Shop</Filter>
    </ClCompile>
    <ClCompile Include="Monster.cpp">
      <Filter>Game\Field\Dungeon\Monster</Filter>
    </ClCompile>
    <ClCompile Include="Player.cpp">
      <Filter>Game\Player</Filter>
    </ClCompile>
    <ClCompile Include="Field.cpp">
      <Filter>Game\Field</Filter>
    </ClCompile>
    <ClCompile Include="Inventory.cpp">
      <Filter>Game\Player\Inventory</Filter>
    </ClCompile>
  </ItemGroup>
</Project>