<?xml version="1.0" encoding="utf-8"?>
<Project ToolsVersion="4.0" xmlns="http://schemas.microsoft.com/developer/msbuild/2003">
  <ItemGroup>
    <Filter Include="소스 파일">
      <UniqueIdentifier>{4FC737F1-C7A5-4376-A066-2A32D752A2FF}</UniqueIdentifier>
      <Extensions>cpp;c;cc;cxx;def;odl;idl;hpj;bat;asm;asmx</Extensions>
    </Filter>
    <Filter Include="헤더 파일">
      <UniqueIdentifier>{93995380-89BD-4b04-88EB-625FBE52EBFB}</UniqueIdentifier>
      <Extensions>h;hh;hpp;hxx;hm;inl;inc;xsd</Extensions>
    </Filter>
    <Filter Include="리소스 파일">
      <UniqueIdentifier>{67DA6AB6-F800-4c08-8B7A-83BB121AAD01}</UniqueIdentifier>
      <Extensions>rc;ico;cur;bmp;dlg;rc2;rct;bin;rgs;gif;jpg;jpeg;jpe;resx;tiff;tif;png;wav;mfcribbon-ms</Extensions>
    </Filter>
    <Filter Include="Maingame">
      <UniqueIdentifier>{3a9e05fe-1913-497b-bda8-4c35988170b3}</UniqueIdentifier>
    </Filter>
    <Filter Include="Maingame\Field">
      <UniqueIdentifier>{de9bb622-a21d-437f-aaf3-e0fa145ff2ea}</UniqueIdentifier>
    </Filter>
    <Filter Include="Maingame\Field\Dungeon">
      <UniqueIdentifier>{0595c37c-7185-45f0-a10a-1f6202f841cc}</UniqueIdentifier>
    </Filter>
    <Filter Include="Maingame\Field\Dungeon\Monster">
      <UniqueIdentifier>{7f3955c6-5ff0-45ae-8aa8-6ef42bd6d11c}</UniqueIdentifier>
    </Filter>
    <Filter Include="Maingame\Field\Shop">
      <UniqueIdentifier>{04450fd3-b91c-48b4-9010-a6360001149e}</UniqueIdentifier>
    </Filter>
    <Filter Include="Maingame\Player">
      <UniqueIdentifier>{978cf48c-ed94-4042-a94f-a1a5208d660c}</UniqueIdentifier>
    </Filter>
    <Filter Include="Maingame\Player\Inventory">
      <UniqueIdentifier>{fef0f163-4372-40b1-88a1-5f99b0a276d1}</UniqueIdentifier>
    </Filter>
    <Filter Include="Maingame\Field\Shop\Item">
      <UniqueIdentifier>{a0c220cf-f9a4-4ab7-85e1-5f1fddf2e0c3}</UniqueIdentifier>
    </Filter>
  </ItemGroup>
  <ItemGroup>
    <Text Include="ReadMe.txt" />
  </ItemGroup>
  <ItemGroup>
    <ClInclude Include="stdafx.h">
      <Filter>헤더 파일</Filter>
    </ClInclude>
    <ClInclude Include="targetver.h">
      <Filter>헤더 파일</Filter>
    </ClInclude>
    <ClInclude Include="Define.h">
      <Filter>헤더 파일</Filter>
    </ClInclude>
    <ClInclude Include="Field.h">
      <Filter>Maingame\Field</Filter>
    </ClInclude>
    <ClInclude Include="Monster.h">
      <Filter>Maingame\Field\Dungeon\Monster</Filter>
    </ClInclude>
    <ClInclude Include="Player.h">
      <Filter>Maingame\Player</Filter>
    </ClInclude>
    <ClInclude Include="Inventory.h">
      <Filter>Maingame\Player\Inventory</Filter>
    </ClInclude>
    <ClInclude Include="Item.h">
      <Filter>Maingame\Field\Shop\Item</Filter>
    </ClInclude>
    <ClInclude Include="Maingame.h">
      <Filter>Maingame</Filter>
    </ClInclude>
    <ClInclude Include="Dungeon.h">
      <Filter>Maingame\Field\Dungeon</Filter>
    </ClInclude>
    <ClInclude Include="Shop.h">
      <Filter>Maingame\Field\Shop</Filter>
    </ClInclude>
  </ItemGroup>
  <ItemGroup>
    <ClCompile Include="stdafx.cpp">
      <Filter>소스 파일</Filter>
    </ClCompile>
    <ClCompile Include="20220325TextRPG.cpp">
      <Filter>소스 파일</Filter>
    </ClCompile>
    <ClCompile Include="Field.cpp">
      <Filter>Maingame\Field</Filter>
    </ClCompile>
    <ClCompile Include="Monster.cpp">
      <Filter>Maingame\Field\Dungeon\Monster</Filter>
    </ClCompile>
    <ClCompile Include="Player.cpp">
      <Filter>Maingame\Player</Filter>
    </ClCompile>
    <ClCompile Include="Inventory.cpp">
      <Filter>Maingame\Player\Inventory</Filter>
    </ClCompile>
    <ClCompile Include="Item.cpp">
      <Filter>Maingame\Field\Shop\Item</Filter>
    </ClCompile>
    <ClCompile Include="Maingame.cpp">
      <Filter>Maingame</Filter>
    </ClCompile>
    <ClCompile Include="Dungeon.cpp">
      <Filter>Maingame\Field\Dungeon</Filter>
    </ClCompile>
    <ClCompile Include="Shop.cpp">
      <Filter>Maingame\Field\Shop</Filter>
    </ClCompile>
  </ItemGroup>
</Project>